
Microsoft Visual Studio Solution File, Format Version 12.00
# Visual Studio 15
Project("{FAE04EC0-301F-11D3-BF4B-00C04F79EFBC}") = "UnityEngine.TestRunner", "UnityEngine.TestRunner.csproj", "{37FBCAD4-26D4-8ABF-9E97-1427837D80BE}"
EndProject
Project("{FAE04EC0-301F-11D3-BF4B-00C04F79EFBC}") = "UnityEngine.UI", "UnityEngine.UI.csproj", "{6E9651BE-A99E-116E-A308-827FD83C8A2E}"
EndProject
Project("{FAE04EC0-301F-11D3-BF4B-00C04F79EFBC}") = "Unity.VisualScripting.Flow", "Unity.VisualScripting.Flow.csproj", "{7906849D-F758-B68F-6988-BEFDBDAF9B7D}"
EndProject
Project("{FAE04EC0-301F-11D3-BF4B-00C04F79EFBC}") = "Unity.Services.Core.Telemetry", "Unity.Services.Core.Telemetry.csproj", "{A70BE203-1CB6-78B6-DD70-7B81D2863F24}"
EndProject
Project("{FAE04EC0-301F-11D3-BF4B-00C04F79EFBC}") = "Unity.VisualScripting.State", "Unity.VisualScripting.State.csproj", "{1B4DFC47-E13C-B93B-5E98-AB59C8826A2B}"
EndProject
Project("{FAE04EC0-301F-11D3-BF4B-00C04F79EFBC}") = "Unity.VisualScripting.Core", "Unity.VisualScripting.Core.csproj", "{07EDE8EE-65D6-9ECC-612A-D6C614780160}"
EndProject
Project("{FAE04EC0-301F-11D3-BF4B-00C04F79EFBC}") = "Unity.Services.Core.Environments.Internal", "Unity.Services.Core.Environments.Internal.csproj", "{496EFDFA-7663-B1DB-CE21-D68BAAE3B6D4}"
EndProject
Project("{FAE04EC0-301F-11D3-BF4B-00C04F79EFBC}") = "Unity.TextMeshPro", "Unity.TextMeshPro.csproj", "{D059CD7F-2EEE-64CF-297F-7C316944B064}"
EndProject
Project("{FAE04EC0-301F-11D3-BF4B-00C04F79EFBC}") = "Unity.Timeline", "Unity.Timeline.csproj", "{A70407EA-067C-C4C7-279C-4C1C28F141F6}"
EndProject
Project("{FAE04EC0-301F-11D3-BF4B-00C04F79EFBC}") = "Unity.Services.Core", "Unity.Services.Core.csproj", "{F901B4A9-1BCF-03FA-8B11-53A27974997F}"
EndProject
Project("{FAE04EC0-301F-11D3-BF4B-00C04F79EFBC}") = "Unity.Services.Core.Environments", "Unity.Services.Core.Environments.csproj", "{AA865FAE-B74A-EE0D-8A8B-CF5EFAC0AFA2}"
EndProject
Project("{FAE04EC0-301F-11D3-BF4B-00C04F79EFBC}") = "Unity.Services.Core.Internal", "Unity.Services.Core.Internal.csproj", "{D2008DEA-7BC6-EE49-DC11-FB6B4752CE6F}"
EndProject
Project("{FAE04EC0-301F-11D3-BF4B-00C04F79EFBC}") = "Unity.Services.Core.Analytics", "Unity.Services.Core.Analytics.csproj", "{338BF2A7-6A4C-CEDF-54DB-CCF2FB3807A9}"
EndProject
Project("{FAE04EC0-301F-11D3-BF4B-00C04F79EFBC}") = "Unity.Services.Core.Scheduler", "Unity.Services.Core.Scheduler.csproj", "{F0E41424-F247-64E5-9504-E4572C06CCD0}"
EndProject
Project("{FAE04EC0-301F-11D3-BF4B-00C04F79EFBC}") = "Unity.Services.Core.Registration", "Unity.Services.Core.Registration.csproj", "{7A97856D-490C-60B6-8547-DB107CF2862E}"
EndProject
Project("{FAE04EC0-301F-11D3-BF4B-00C04F79EFBC}") = "Unity.Services.Core.Device", "Unity.Services.Core.Device.csproj", "{E54A1B50-B750-0D55-4D00-88E439B9744C}"
EndProject
Project("{FAE04EC0-301F-11D3-BF4B-00C04F79EFBC}") = "Unity.Services.Core.Threading", "Unity.Services.Core.Threading.csproj", "{EF7597BE-F45A-5D45-AF7C-47AF62B7D162}"
EndProject
Project("{FAE04EC0-301F-11D3-BF4B-00C04F79EFBC}") = "Unity.Services.Core.Networking", "Unity.Services.Core.Networking.csproj", "{1ABDB410-9DAE-110D-3CA6-12AD76A9FF62}"
EndProject
Project("{FAE04EC0-301F-11D3-BF4B-00C04F79EFBC}") = "Unity.Services.Core.Configuration", "Unity.Services.Core.Configuration.csproj", "{924F73B7-5795-9999-2A9B-3C9A1DED28A5}"
EndProject
Project("{FAE04EC0-301F-11D3-BF4B-00C04F79EFBC}") = "Assembly-CSharp", "Assembly-CSharp.csproj", "{8690FD00-61D9-F037-C7B2-56B287C677CE}"
EndProject
Project("{FAE04EC0-301F-11D3-BF4B-00C04F79EFBC}") = "Unity.PlasticSCM.Editor", "Unity.PlasticSCM.Editor.csproj", "{6F7F24E5-FA06-DB61-96D9-25CD72CDDE71}"
EndProject
Project("{FAE04EC0-301F-11D3-BF4B-00C04F79EFBC}") = "Unity.VisualScripting.Core.Editor", "Unity.VisualScripting.Core.Editor.csproj", "{43D1EC4E-9FDF-828B-EF04-4005BC9EECD8}"
EndProject
Project("{FAE04EC0-301F-11D3-BF4B-00C04F79EFBC}") = "Unity.VisualScripting.Flow.Editor", "Unity.VisualScripting.Flow.Editor.csproj", "{ECE7775E-9248-EBB3-E718-EF55409DA596}"
EndProject
Project("{FAE04EC0-301F-11D3-BF4B-00C04F79EFBC}") = "Unity.VisualStudio.Editor", "Unity.VisualStudio.Editor.csproj", "{EA41C665-93F1-267D-B910-E1811B7A25EC}"
EndProject
Project("{FAE04EC0-301F-11D3-BF4B-00C04F79EFBC}") = "Unity.Timeline.Editor", "Unity.Timeline.Editor.csproj", "{A54BBA8F-605F-8835-AD3F-235F6BD63EEE}"
EndProject
Project("{FAE04EC0-301F-11D3-BF4B-00C04F79EFBC}") = "Unity.VisualScripting.State.Editor", "Unity.VisualScripting.State.Editor.csproj", "{ACBF4370-FA4D-9644-343E-04BF6C624E48}"
EndProject
Project("{FAE04EC0-301F-11D3-BF4B-00C04F79EFBC}") = "Unity.TextMeshPro.Editor", "Unity.TextMeshPro.Editor.csproj", "{727DD61A-1BBB-91AF-29C3-A2A0385637E1}"
EndProject
Project("{FAE04EC0-301F-11D3-BF4B-00C04F79EFBC}") = "Unity.VisualScripting.SettingsProvider.Editor", "Unity.VisualScripting.SettingsProvider.Editor.csproj", "{521D1B33-F913-2ECA-8819-2424ABFC60F8}"
EndProject
Project("{FAE04EC0-301F-11D3-BF4B-00C04F79EFBC}") = "Unity.CollabProxy.Editor", "Unity.CollabProxy.Editor.csproj", "{6FE051DC-D601-EE12-88F7-DE667576006C}"
EndProject
Project("{FAE04EC0-301F-11D3-BF4B-00C04F79EFBC}") = "UnityEditor.TestRunner", "UnityEditor.TestRunner.csproj", "{904CAEBE-F8F7-79DE-4366-22DBC426EFAC}"
EndProject
Project("{FAE04EC0-301F-11D3-BF4B-00C04F79EFBC}") = "Unity.Services.Core.Editor", "Unity.Services.Core.Editor.csproj", "{5DDFE2C2-F1ED-1986-20CA-CAEEEC60052F}"
EndProject
Project("{FAE04EC0-301F-11D3-BF4B-00C04F79EFBC}") = "Unity.TestTools.CodeCoverage.Editor", "Unity.TestTools.CodeCoverage.Editor.csproj", "{192DCA04-2530-BD91-A50F-3554D4501B8B}"
EndProject
Project("{FAE04EC0-301F-11D3-BF4B-00C04F79EFBC}") = "Unity.Rider.Editor", "Unity.Rider.Editor.csproj", "{B3458E5A-CD5E-0799-AACC-BFC46BF56C6D}"
EndProject
Project("{FAE04EC0-301F-11D3-BF4B-00C04F79EFBC}") = "Unity.Performance.Profile-Analyzer.Editor", "Unity.Performance.Profile-Analyzer.Editor.csproj", "{982783D0-62E4-B638-6C5C-009B0C2FB7D9}"
EndProject
Project("{FAE04EC0-301F-11D3-BF4B-00C04F79EFBC}") = "Unity.VSCode.Editor", "Unity.VSCode.Editor.csproj", "{458E4BE2-F43D-0F6D-FD49-BB704BB15E96}"
EndProject
Project("{FAE04EC0-301F-11D3-BF4B-00C04F79EFBC}") = "UnityEditor.UI", "UnityEditor.UI.csproj", "{046A6414-19E1-82E5-C02F-E1F29A37A77F}"
EndProject
Project("{FAE04EC0-301F-11D3-BF4B-00C04F79EFBC}") = "Unity.Settings.Editor", "Unity.Settings.Editor.csproj", "{F3F9DEFE-A14E-15EB-2D4B-D846090B32D0}"
EndProject
Project("{FAE04EC0-301F-11D3-BF4B-00C04F79EFBC}") = "Unity.TestTools.CodeCoverage.Editor.OpenCover.Model", "Unity.TestTools.CodeCoverage.Editor.OpenCover.Model.csproj", "{6149E437-486B-B037-86F2-D7401942FACB}"
EndProject
Project("{FAE04EC0-301F-11D3-BF4B-00C04F79EFBC}") = "Unity.EditorCoroutines.Editor", "Unity.EditorCoroutines.Editor.csproj", "{A95D07FC-C2A8-C95D-F781-3B0BF18BA726}"
EndProject
Project("{FAE04EC0-301F-11D3-BF4B-00C04F79EFBC}") = "Unity.Services.Core.Configuration.Editor", "Unity.Services.Core.Configuration.Editor.csproj", "{ACEA6C25-27F9-E38F-C14B-5BF0758A7E60}"
EndProject
Project("{FAE04EC0-301F-11D3-BF4B-00C04F79EFBC}") = "Unity.TestTools.CodeCoverage.Editor.OpenCover.Mono.Reflection", "Unity.TestTools.CodeCoverage.Editor.OpenCover.Mono.Reflection.csproj", "{432F1E9B-EECC-55C2-60B8-DF31DF1A24A4}"
EndProject
Project("{FAE04EC0-301F-11D3-BF4B-00C04F79EFBC}") = "Unity.VisualScripting.Shared.Editor", "Unity.VisualScripting.Shared.Editor.csproj", "{6E68499F-013B-0BB0-985F-C8BAFAF3ABBB}"
EndProject
Project("{FAE04EC0-301F-11D3-BF4B-00C04F79EFBC}") = "Assembly-CSharp-Editor", "Assembly-CSharp-Editor.csproj", "{5C2F5DDC-F615-8738-76EC-A08DDD2EC801}"
EndProject
Global
	GlobalSection(SolutionConfigurationPlatforms) = preSolution
		Debug|Any CPU = Debug|Any CPU
		Release|Any CPU = Release|Any CPU
	EndGlobalSection
	GlobalSection(ProjectConfigurationPlatforms) = postSolution
		{37FBCAD4-26D4-8ABF-9E97-1427837D80BE}.Debug|Any CPU.ActiveCfg = Debug|Any CPU
		{37FBCAD4-26D4-8ABF-9E97-1427837D80BE}.Debug|Any CPU.Build.0 = Debug|Any CPU
		{37FBCAD4-26D4-8ABF-9E97-1427837D80BE}.Release|Any CPU.ActiveCfg = Release|Any CPU
		{37FBCAD4-26D4-8ABF-9E97-1427837D80BE}.Release|Any CPU.Build.0 = Release|Any CPU
		{6E9651BE-A99E-116E-A308-827FD83C8A2E}.Debug|Any CPU.ActiveCfg = Debug|Any CPU
		{6E9651BE-A99E-116E-A308-827FD83C8A2E}.Debug|Any CPU.Build.0 = Debug|Any CPU
		{6E9651BE-A99E-116E-A308-827FD83C8A2E}.Release|Any CPU.ActiveCfg = Release|Any CPU
		{6E9651BE-A99E-116E-A308-827FD83C8A2E}.Release|Any CPU.Build.0 = Release|Any CPU
		{7906849D-F758-B68F-6988-BEFDBDAF9B7D}.Debug|Any CPU.ActiveCfg = Debug|Any CPU
		{7906849D-F758-B68F-6988-BEFDBDAF9B7D}.Debug|Any CPU.Build.0 = Debug|Any CPU
		{7906849D-F758-B68F-6988-BEFDBDAF9B7D}.Release|Any CPU.ActiveCfg = Release|Any CPU
		{7906849D-F758-B68F-6988-BEFDBDAF9B7D}.Release|Any CPU.Build.0 = Release|Any CPU
		{A70BE203-1CB6-78B6-DD70-7B81D2863F24}.Debug|Any CPU.ActiveCfg = Debug|Any CPU
		{A70BE203-1CB6-78B6-DD70-7B81D2863F24}.Debug|Any CPU.Build.0 = Debug|Any CPU
		{A70BE203-1CB6-78B6-DD70-7B81D2863F24}.Release|Any CPU.ActiveCfg = Release|Any CPU
		{A70BE203-1CB6-78B6-DD70-7B81D2863F24}.Release|Any CPU.Build.0 = Release|Any CPU
		{1B4DFC47-E13C-B93B-5E98-AB59C8826A2B}.Debug|Any CPU.ActiveCfg = Debug|Any CPU
		{1B4DFC47-E13C-B93B-5E98-AB59C8826A2B}.Debug|Any CPU.Build.0 = Debug|Any CPU
		{1B4DFC47-E13C-B93B-5E98-AB59C8826A2B}.Release|Any CPU.ActiveCfg = Release|Any CPU
		{1B4DFC47-E13C-B93B-5E98-AB59C8826A2B}.Release|Any CPU.Build.0 = Release|Any CPU
		{07EDE8EE-65D6-9ECC-612A-D6C614780160}.Debug|Any CPU.ActiveCfg = Debug|Any CPU
		{07EDE8EE-65D6-9ECC-612A-D6C614780160}.Debug|Any CPU.Build.0 = Debug|Any CPU
		{07EDE8EE-65D6-9ECC-612A-D6C614780160}.Release|Any CPU.ActiveCfg = Release|Any CPU
		{07EDE8EE-65D6-9ECC-612A-D6C614780160}.Release|Any CPU.Build.0 = Release|Any CPU
		{496EFDFA-7663-B1DB-CE21-D68BAAE3B6D4}.Debug|Any CPU.ActiveCfg = Debug|Any CPU
		{496EFDFA-7663-B1DB-CE21-D68BAAE3B6D4}.Debug|Any CPU.Build.0 = Debug|Any CPU
		{496EFDFA-7663-B1DB-CE21-D68BAAE3B6D4}.Release|Any CPU.ActiveCfg = Release|Any CPU
		{496EFDFA-7663-B1DB-CE21-D68BAAE3B6D4}.Release|Any CPU.Build.0 = Release|Any CPU
		{D059CD7F-2EEE-64CF-297F-7C316944B064}.Debug|Any CPU.ActiveCfg = Debug|Any CPU
		{D059CD7F-2EEE-64CF-297F-7C316944B064}.Debug|Any CPU.Build.0 = Debug|Any CPU
		{D059CD7F-2EEE-64CF-297F-7C316944B064}.Release|Any CPU.ActiveCfg = Release|Any CPU
		{D059CD7F-2EEE-64CF-297F-7C316944B064}.Release|Any CPU.Build.0 = Release|Any CPU
		{A70407EA-067C-C4C7-279C-4C1C28F141F6}.Debug|Any CPU.ActiveCfg = Debug|Any CPU
		{A70407EA-067C-C4C7-279C-4C1C28F141F6}.Debug|Any CPU.Build.0 = Debug|Any CPU
		{A70407EA-067C-C4C7-279C-4C1C28F141F6}.Release|Any CPU.ActiveCfg = Release|Any CPU
		{A70407EA-067C-C4C7-279C-4C1C28F141F6}.Release|Any CPU.Build.0 = Release|Any CPU
		{F901B4A9-1BCF-03FA-8B11-53A27974997F}.Debug|Any CPU.ActiveCfg = Debug|Any CPU
		{F901B4A9-1BCF-03FA-8B11-53A27974997F}.Debug|Any CPU.Build.0 = Debug|Any CPU
		{F901B4A9-1BCF-03FA-8B11-53A27974997F}.Release|Any CPU.ActiveCfg = Release|Any CPU
		{F901B4A9-1BCF-03FA-8B11-53A27974997F}.Release|Any CPU.Build.0 = Release|Any CPU
		{AA865FAE-B74A-EE0D-8A8B-CF5EFAC0AFA2}.Debug|Any CPU.ActiveCfg = Debug|Any CPU
		{AA865FAE-B74A-EE0D-8A8B-CF5EFAC0AFA2}.Debug|Any CPU.Build.0 = Debug|Any CPU
		{AA865FAE-B74A-EE0D-8A8B-CF5EFAC0AFA2}.Release|Any CPU.ActiveCfg = Release|Any CPU
		{AA865FAE-B74A-EE0D-8A8B-CF5EFAC0AFA2}.Release|Any CPU.Build.0 = Release|Any CPU
		{D2008DEA-7BC6-EE49-DC11-FB6B4752CE6F}.Debug|Any CPU.ActiveCfg = Debug|Any CPU
		{D2008DEA-7BC6-EE49-DC11-FB6B4752CE6F}.Debug|Any CPU.Build.0 = Debug|Any CPU
		{D2008DEA-7BC6-EE49-DC11-FB6B4752CE6F}.Release|Any CPU.ActiveCfg = Release|Any CPU
		{D2008DEA-7BC6-EE49-DC11-FB6B4752CE6F}.Release|Any CPU.Build.0 = Release|Any CPU
		{338BF2A7-6A4C-CEDF-54DB-CCF2FB3807A9}.Debug|Any CPU.ActiveCfg = Debug|Any CPU
		{338BF2A7-6A4C-CEDF-54DB-CCF2FB3807A9}.Debug|Any CPU.Build.0 = Debug|Any CPU
		{338BF2A7-6A4C-CEDF-54DB-CCF2FB3807A9}.Release|Any CPU.ActiveCfg = Release|Any CPU
		{338BF2A7-6A4C-CEDF-54DB-CCF2FB3807A9}.Release|Any CPU.Build.0 = Release|Any CPU
		{F0E41424-F247-64E5-9504-E4572C06CCD0}.Debug|Any CPU.ActiveCfg = Debug|Any CPU
		{F0E41424-F247-64E5-9504-E4572C06CCD0}.Debug|Any CPU.Build.0 = Debug|Any CPU
		{F0E41424-F247-64E5-9504-E4572C06CCD0}.Release|Any CPU.ActiveCfg = Release|Any CPU
		{F0E41424-F247-64E5-9504-E4572C06CCD0}.Release|Any CPU.Build.0 = Release|Any CPU
		{7A97856D-490C-60B6-8547-DB107CF2862E}.Debug|Any CPU.ActiveCfg = Debug|Any CPU
		{7A97856D-490C-60B6-8547-DB107CF2862E}.Debug|Any CPU.Build.0 = Debug|Any CPU
		{7A97856D-490C-60B6-8547-DB107CF2862E}.Release|Any CPU.ActiveCfg = Release|Any CPU
		{7A97856D-490C-60B6-8547-DB107CF2862E}.Release|Any CPU.Build.0 = Release|Any CPU
		{E54A1B50-B750-0D55-4D00-88E439B9744C}.Debug|Any CPU.ActiveCfg = Debug|Any CPU
		{E54A1B50-B750-0D55-4D00-88E439B9744C}.Debug|Any CPU.Build.0 = Debug|Any CPU
		{E54A1B50-B750-0D55-4D00-88E439B9744C}.Release|Any CPU.ActiveCfg = Release|Any CPU
		{E54A1B50-B750-0D55-4D00-88E439B9744C}.Release|Any CPU.Build.0 = Release|Any CPU
		{EF7597BE-F45A-5D45-AF7C-47AF62B7D162}.Debug|Any CPU.ActiveCfg = Debug|Any CPU
		{EF7597BE-F45A-5D45-AF7C-47AF62B7D162}.Debug|Any CPU.Build.0 = Debug|Any CPU
		{EF7597BE-F45A-5D45-AF7C-47AF62B7D162}.Release|Any CPU.ActiveCfg = Release|Any CPU
		{EF7597BE-F45A-5D45-AF7C-47AF62B7D162}.Release|Any CPU.Build.0 = Release|Any CPU
		{1ABDB410-9DAE-110D-3CA6-12AD76A9FF62}.Debug|Any CPU.ActiveCfg = Debug|Any CPU
		{1ABDB410-9DAE-110D-3CA6-12AD76A9FF62}.Debug|Any CPU.Build.0 = Debug|Any CPU
		{1ABDB410-9DAE-110D-3CA6-12AD76A9FF62}.Release|Any CPU.ActiveCfg = Release|Any CPU
		{1ABDB410-9DAE-110D-3CA6-12AD76A9FF62}.Release|Any CPU.Build.0 = Release|Any CPU
		{924F73B7-5795-9999-2A9B-3C9A1DED28A5}.Debug|Any CPU.ActiveCfg = Debug|Any CPU
		{924F73B7-5795-9999-2A9B-3C9A1DED28A5}.Debug|Any CPU.Build.0 = Debug|Any CPU
		{924F73B7-5795-9999-2A9B-3C9A1DED28A5}.Release|Any CPU.ActiveCfg = Release|Any CPU
		{924F73B7-5795-9999-2A9B-3C9A1DED28A5}.Release|Any CPU.Build.0 = Release|Any CPU
		{8690FD00-61D9-F037-C7B2-56B287C677CE}.Debug|Any CPU.ActiveCfg = Debug|Any CPU
		{8690FD00-61D9-F037-C7B2-56B287C677CE}.Debug|Any CPU.Build.0 = Debug|Any CPU
		{8690FD00-61D9-F037-C7B2-56B287C677CE}.Release|Any CPU.ActiveCfg = Release|Any CPU
		{8690FD00-61D9-F037-C7B2-56B287C677CE}.Release|Any CPU.Build.0 = Release|Any CPU
		{6F7F24E5-FA06-DB61-96D9-25CD72CDDE71}.Debug|Any CPU.ActiveCfg = Debug|Any CPU
		{6F7F24E5-FA06-DB61-96D9-25CD72CDDE71}.Debug|Any CPU.Build.0 = Debug|Any CPU
		{6F7F24E5-FA06-DB61-96D9-25CD72CDDE71}.Release|Any CPU.ActiveCfg = Release|Any CPU
		{6F7F24E5-FA06-DB61-96D9-25CD72CDDE71}.Release|Any CPU.Build.0 = Release|Any CPU
		{43D1EC4E-9FDF-828B-EF04-4005BC9EECD8}.Debug|Any CPU.ActiveCfg = Debug|Any CPU
		{43D1EC4E-9FDF-828B-EF04-4005BC9EECD8}.Debug|Any CPU.Build.0 = Debug|Any CPU
		{43D1EC4E-9FDF-828B-EF04-4005BC9EECD8}.Release|Any CPU.ActiveCfg = Release|Any CPU
		{43D1EC4E-9FDF-828B-EF04-4005BC9EECD8}.Release|Any CPU.Build.0 = Release|Any CPU
		{ECE7775E-9248-EBB3-E718-EF55409DA596}.Debug|Any CPU.ActiveCfg = Debug|Any CPU
		{ECE7775E-9248-EBB3-E718-EF55409DA596}.Debug|Any CPU.Build.0 = Debug|Any CPU
		{ECE7775E-9248-EBB3-E718-EF55409DA596}.Release|Any CPU.ActiveCfg = Release|Any CPU
		{ECE7775E-9248-EBB3-E718-EF55409DA596}.Release|Any CPU.Build.0 = Release|Any CPU
		{EA41C665-93F1-267D-B910-E1811B7A25EC}.Debug|Any CPU.ActiveCfg = Debug|Any CPU
		{EA41C665-93F1-267D-B910-E1811B7A25EC}.Debug|Any CPU.Build.0 = Debug|Any CPU
		{EA41C665-93F1-267D-B910-E1811B7A25EC}.Release|Any CPU.ActiveCfg = Release|Any CPU
		{EA41C665-93F1-267D-B910-E1811B7A25EC}.Release|Any CPU.Build.0 = Release|Any CPU
		{A54BBA8F-605F-8835-AD3F-235F6BD63EEE}.Debug|Any CPU.ActiveCfg = Debug|Any CPU
		{A54BBA8F-605F-8835-AD3F-235F6BD63EEE}.Debug|Any CPU.Build.0 = Debug|Any CPU
		{A54BBA8F-605F-8835-AD3F-235F6BD63EEE}.Release|Any CPU.ActiveCfg = Release|Any CPU
		{A54BBA8F-605F-8835-AD3F-235F6BD63EEE}.Release|Any CPU.Build.0 = Release|Any CPU
		{ACBF4370-FA4D-9644-343E-04BF6C624E48}.Debug|Any CPU.ActiveCfg = Debug|Any CPU
		{ACBF4370-FA4D-9644-343E-04BF6C624E48}.Debug|Any CPU.Build.0 = Debug|Any CPU
		{ACBF4370-FA4D-9644-343E-04BF6C624E48}.Release|Any CPU.ActiveCfg = Release|Any CPU
		{ACBF4370-FA4D-9644-343E-04BF6C624E48}.Release|Any CPU.Build.0 = Release|Any CPU
		{727DD61A-1BBB-91AF-29C3-A2A0385637E1}.Debug|Any CPU.ActiveCfg = Debug|Any CPU
		{727DD61A-1BBB-91AF-29C3-A2A0385637E1}.Debug|Any CPU.Build.0 = Debug|Any CPU
		{727DD61A-1BBB-91AF-29C3-A2A0385637E1}.Release|Any CPU.ActiveCfg = Release|Any CPU
		{727DD61A-1BBB-91AF-29C3-A2A0385637E1}.Release|Any CPU.Build.0 = Release|Any CPU
		{521D1B33-F913-2ECA-8819-2424ABFC60F8}.Debug|Any CPU.ActiveCfg = Debug|Any CPU
		{521D1B33-F913-2ECA-8819-2424ABFC60F8}.Debug|Any CPU.Build.0 = Debug|Any CPU
		{521D1B33-F913-2ECA-8819-2424ABFC60F8}.Release|Any CPU.ActiveCfg = Release|Any CPU
		{521D1B33-F913-2ECA-8819-2424ABFC60F8}.Release|Any CPU.Build.0 = Release|Any CPU
		{6FE051DC-D601-EE12-88F7-DE667576006C}.Debug|Any CPU.ActiveCfg = Debug|Any CPU
		{6FE051DC-D601-EE12-88F7-DE667576006C}.Debug|Any CPU.Build.0 = Debug|Any CPU
		{6FE051DC-D601-EE12-88F7-DE667576006C}.Release|Any CPU.ActiveCfg = Release|Any CPU
		{6FE051DC-D601-EE12-88F7-DE667576006C}.Release|Any CPU.Build.0 = Release|Any CPU
		{904CAEBE-F8F7-79DE-4366-22DBC426EFAC}.Debug|Any CPU.ActiveCfg = Debug|Any CPU
		{904CAEBE-F8F7-79DE-4366-22DBC426EFAC}.Debug|Any CPU.Build.0 = Debug|Any CPU
		{904CAEBE-F8F7-79DE-4366-22DBC426EFAC}.Release|Any CPU.ActiveCfg = Release|Any CPU
		{904CAEBE-F8F7-79DE-4366-22DBC426EFAC}.Release|Any CPU.Build.0 = Release|Any CPU
		{5DDFE2C2-F1ED-1986-20CA-CAEEEC60052F}.Debug|Any CPU.ActiveCfg = Debug|Any CPU
		{5DDFE2C2-F1ED-1986-20CA-CAEEEC60052F}.Debug|Any CPU.Build.0 = Debug|Any CPU
		{5DDFE2C2-F1ED-1986-20CA-CAEEEC60052F}.Release|Any CPU.ActiveCfg = Release|Any CPU
		{5DDFE2C2-F1ED-1986-20CA-CAEEEC60052F}.Release|Any CPU.Build.0 = Release|Any CPU
		{192DCA04-2530-BD91-A50F-3554D4501B8B}.Debug|Any CPU.ActiveCfg = Debug|Any CPU
		{192DCA04-2530-BD91-A50F-3554D4501B8B}.Debug|Any CPU.Build.0 = Debug|Any CPU
		{192DCA04-2530-BD91-A50F-3554D4501B8B}.Release|Any CPU.ActiveCfg = Release|Any CPU
		{192DCA04-2530-BD91-A50F-3554D4501B8B}.Release|Any CPU.Build.0 = Release|Any CPU
		{B3458E5A-CD5E-0799-AACC-BFC46BF56C6D}.Debug|Any CPU.ActiveCfg = Debug|Any CPU
		{B3458E5A-CD5E-0799-AACC-BFC46BF56C6D}.Debug|Any CPU.Build.0 = Debug|Any CPU
		{B3458E5A-CD5E-0799-AACC-BFC46BF56C6D}.Release|Any CPU.ActiveCfg = Release|Any CPU
		{B3458E5A-CD5E-0799-AACC-BFC46BF56C6D}.Release|Any CPU.Build.0 = Release|Any CPU
		{982783D0-62E4-B638-6C5C-009B0C2FB7D9}.Debug|Any CPU.ActiveCfg = Debug|Any CPU
		{982783D0-62E4-B638-6C5C-009B0C2FB7D9}.Debug|Any CPU.Build.0 = Debug|Any CPU
		{982783D0-62E4-B638-6C5C-009B0C2FB7D9}.Release|Any CPU.ActiveCfg = Release|Any CPU
		{982783D0-62E4-B638-6C5C-009B0C2FB7D9}.Release|Any CPU.Build.0 = Release|Any CPU
		{458E4BE2-F43D-0F6D-FD49-BB704BB15E96}.Debug|Any CPU.ActiveCfg = Debug|Any CPU
		{458E4BE2-F43D-0F6D-FD49-BB704BB15E96}.Debug|Any CPU.Build.0 = Debug|Any CPU
		{458E4BE2-F43D-0F6D-FD49-BB704BB15E96}.Release|Any CPU.ActiveCfg = Release|Any CPU
		{458E4BE2-F43D-0F6D-FD49-BB704BB15E96}.Release|Any CPU.Build.0 = Release|Any CPU
		{046A6414-19E1-82E5-C02F-E1F29A37A77F}.Debug|Any CPU.ActiveCfg = Debug|Any CPU
		{046A6414-19E1-82E5-C02F-E1F29A37A77F}.Debug|Any CPU.Build.0 = Debug|Any CPU
		{046A6414-19E1-82E5-C02F-E1F29A37A77F}.Release|Any CPU.ActiveCfg = Release|Any CPU
		{046A6414-19E1-82E5-C02F-E1F29A37A77F}.Release|Any CPU.Build.0 = Release|Any CPU
		{F3F9DEFE-A14E-15EB-2D4B-D846090B32D0}.Debug|Any CPU.ActiveCfg = Debug|Any CPU
		{F3F9DEFE-A14E-15EB-2D4B-D846090B32D0}.Debug|Any CPU.Build.0 = Debug|Any CPU
		{F3F9DEFE-A14E-15EB-2D4B-D846090B32D0}.Release|Any CPU.ActiveCfg = Release|Any CPU
		{F3F9DEFE-A14E-15EB-2D4B-D846090B32D0}.Release|Any CPU.Build.0 = Release|Any CPU
		{6149E437-486B-B037-86F2-D7401942FACB}.Debug|Any CPU.ActiveCfg = Debug|Any CPU
		{6149E437-486B-B037-86F2-D7401942FACB}.Debug|Any CPU.Build.0 = Debug|Any CPU
		{6149E437-486B-B037-86F2-D7401942FACB}.Release|Any CPU.ActiveCfg = Release|Any CPU
		{6149E437-486B-B037-86F2-D7401942FACB}.Release|Any CPU.Build.0 = Release|Any CPU
		{A95D07FC-C2A8-C95D-F781-3B0BF18BA726}.Debug|Any CPU.ActiveCfg = Debug|Any CPU
		{A95D07FC-C2A8-C95D-F781-3B0BF18BA726}.Debug|Any CPU.Build.0 = Debug|Any CPU
		{A95D07FC-C2A8-C95D-F781-3B0BF18BA726}.Release|Any CPU.ActiveCfg = Release|Any CPU
		{A95D07FC-C2A8-C95D-F781-3B0BF18BA726}.Release|Any CPU.Build.0 = Release|Any CPU
		{ACEA6C25-27F9-E38F-C14B-5BF0758A7E60}.Debug|Any CPU.ActiveCfg = Debug|Any CPU
		{ACEA6C25-27F9-E38F-C14B-5BF0758A7E60}.Debug|Any CPU.Build.0 = Debug|Any CPU
		{ACEA6C25-27F9-E38F-C14B-5BF0758A7E60}.Release|Any CPU.ActiveCfg = Release|Any CPU
		{ACEA6C25-27F9-E38F-C14B-5BF0758A7E60}.Release|Any CPU.Build.0 = Release|Any CPU
		{432F1E9B-EECC-55C2-60B8-DF31DF1A24A4}.Debug|Any CPU.ActiveCfg = Debug|Any CPU
		{432F1E9B-EECC-55C2-60B8-DF31DF1A24A4}.Debug|Any CPU.Build.0 = Debug|Any CPU
		{432F1E9B-EECC-55C2-60B8-DF31DF1A24A4}.Release|Any CPU.ActiveCfg = Release|Any CPU
		{432F1E9B-EECC-55C2-60B8-DF31DF1A24A4}.Release|Any CPU.Build.0 = Release|Any CPU
		{6E68499F-013B-0BB0-985F-C8BAFAF3ABBB}.Debug|Any CPU.ActiveCfg = Debug|Any CPU
		{6E68499F-013B-0BB0-985F-C8BAFAF3ABBB}.Debug|Any CPU.Build.0 = Debug|Any CPU
		{6E68499F-013B-0BB0-985F-C8BAFAF3ABBB}.Release|Any CPU.ActiveCfg = Release|Any CPU
		{6E68499F-013B-0BB0-985F-C8BAFAF3ABBB}.Release|Any CPU.Build.0 = Release|Any CPU
		{5C2F5DDC-F615-8738-76EC-A08DDD2EC801}.Debug|Any CPU.ActiveCfg = Debug|Any CPU
		{5C2F5DDC-F615-8738-76EC-A08DDD2EC801}.Debug|Any CPU.Build.0 = Debug|Any CPU
		{5C2F5DDC-F615-8738-76EC-A08DDD2EC801}.Release|Any CPU.ActiveCfg = Release|Any CPU
		{5C2F5DDC-F615-8738-76EC-A08DDD2EC801}.Release|Any CPU.Build.0 = Release|Any CPU
	EndGlobalSection
	GlobalSection(SolutionProperties) = preSolution
		HideSolutionNode = FALSE
	EndGlobalSection
EndGlobal
